
Microsoft Visual Studio Solution File, Format Version 12.00
# Visual Studio Version 17
VisualStudioVersion = 17.14.36518.9 d17.14
MinimumVisualStudioVersion = 10.0.40219.1
Project("{FAE04EC0-301F-11D3-BF4B-00C04F79EFBC}") = "JobMatchAPI", "JobMatchAPI\JobMatchAPI.csproj", "{9C234200-0124-43BE-8521-F16A01BDF5ED}"
EndProject
Global
	GlobalSection(SolutionConfigurationPlatforms) = preSolution
		Debug|Any CPU = Debug|Any CPU
		Release|Any CPU = Release|Any CPU
	EndGlobalSection
	GlobalSection(ProjectConfigurationPlatforms) = postSolution
		{9C234200-0124-43BE-8521-F16A01BDF5ED}.Debug|Any CPU.ActiveCfg = Debug|Any CPU
		{9C234200-0124-43BE-8521-F16A01BDF5ED}.Debug|Any CPU.Build.0 = Debug|Any CPU
		{9C234200-0124-43BE-8521-F16A01BDF5ED}.Release|Any CPU.ActiveCfg = Release|Any CPU
		{9C234200-0124-43BE-8521-F16A01BDF5ED}.Release|Any CPU.Build.0 = Release|Any CPU
	EndGlobalSection
	GlobalSection(SolutionProperties) = preSolution
		HideSolutionNode = FALSE
	EndGlobalSection
	GlobalSection(ExtensibilityGlobals) = postSolution
		SolutionGuid = {6F4075D4-C9BD-4A78-A7B3-46906A6C79D0}
	EndGlobalSection
EndGlobal
